
Microsoft Visual Studio Solution File, Format Version 12.00
# Visual Studio 15
VisualStudioVersion = 15.0.28010.2036
MinimumVisualStudioVersion = 10.0.40219.1
Project("{FAE04EC0-301F-11D3-BF4B-00C04F79EFBC}") = "himedbg", "himedbg.csproj", "{57D48E52-F6C1-4F51-A5F1-D3B119594CE4}"
EndProject
Global
	GlobalSection(SolutionConfigurationPlatforms) = preSolution
		Debug|Any CPU = Debug|Any CPU
		Release|Any CPU = Release|Any CPU
	EndGlobalSection
	GlobalSection(ProjectConfigurationPlatforms) = postSolution
		{57D48E52-F6C1-4F51-A5F1-D3B119594CE4}.Debug|Any CPU.ActiveCfg = Debug|Any CPU
		{57D48E52-F6C1-4F51-A5F1-D3B119594CE4}.Debug|Any CPU.Build.0 = Debug|Any CPU
		{57D48E52-F6C1-4F51-A5F1-D3B119594CE4}.Release|Any CPU.ActiveCfg = Release|Any CPU
		{57D48E52-F6C1-4F51-A5F1-D3B119594CE4}.Release|Any CPU.Build.0 = Release|Any CPU
	EndGlobalSection
	GlobalSection(SolutionProperties) = preSolution
		HideSolutionNode = FALSE
	EndGlobalSection
	GlobalSection(ExtensibilityGlobals) = postSolution
		SolutionGuid = {24B59906-97F6-4529-9159-0F34C1CE1B9A}
	EndGlobalSection
EndGlobal
